
Microsoft Visual Studio Solution File, Format Version 12.00
# Visual Studio Version 17
VisualStudioVersion = 17.8.34330.188
MinimumVisualStudioVersion = 10.0.40219.1
Project("{FAE04EC0-301F-11D3-BF4B-00C04F79EFBC}") = "AplikacjaKonsola", "AplikacjaKonsola\AplikacjaKonsola.csproj", "{B7B1BF7C-F64D-4BB6-8E17-7F53EC66CE3A}"
EndProject
Global
	GlobalSection(SolutionConfigurationPlatforms) = preSolution
		Debug|Any CPU = Debug|Any CPU
		Release|Any CPU = Release|Any CPU
	EndGlobalSection
	GlobalSection(ProjectConfigurationPlatforms) = postSolution
		{B7B1BF7C-F64D-4BB6-8E17-7F53EC66CE3A}.Debug|Any CPU.ActiveCfg = Debug|Any CPU
		{B7B1BF7C-F64D-4BB6-8E17-7F53EC66CE3A}.Debug|Any CPU.Build.0 = Debug|Any CPU
		{B7B1BF7C-F64D-4BB6-8E17-7F53EC66CE3A}.Release|Any CPU.ActiveCfg = Release|Any CPU
		{B7B1BF7C-F64D-4BB6-8E17-7F53EC66CE3A}.Release|Any CPU.Build.0 = Release|Any CPU
	EndGlobalSection
	GlobalSection(SolutionProperties) = preSolution
		HideSolutionNode = FALSE
	EndGlobalSection
	GlobalSection(ExtensibilityGlobals) = postSolution
		SolutionGuid = {6F7D90A5-E615-421F-ABE3-62DA49A8EB79}
	EndGlobalSection
EndGlobal
